
Microsoft Visual Studio Solution File, Format Version 12.00
# Visual Studio 15
VisualStudioVersion = 15.0.26124.0
MinimumVisualStudioVersion = 15.0.26124.0
Project("{9A19103F-16F7-4668-BE54-9A1E7A4F7556}") = "R5T.Bulgaria.UserProfileDirectory.Construction", "R5T.Bulgaria.UserProfileDirectory.Construction\R5T.Bulgaria.UserProfileDirectory.Construction.csproj", "{D2DDE2D9-8DE4-48BF-BC31-E5BEEEDCE84D}"
EndProject
Project("{9A19103F-16F7-4668-BE54-9A1E7A4F7556}") = "R5T.Bulgaria.UserProfileDirectory", "R5T.Bulgaria.UserProfileDirectory\R5T.Bulgaria.UserProfileDirectory.csproj", "{17C664D6-9930-42B2-ACB8-9791FA66C7AF}"
EndProject
Project("{9A19103F-16F7-4668-BE54-9A1E7A4F7556}") = "R5T.Bulgaria.UserProfileDirectory.Testing", "R5T.Bulgaria.UserProfileDirectory.Testing\R5T.Bulgaria.UserProfileDirectory.Testing.csproj", "{0EC161FD-3A7C-4D04-9C98-7C77F3706F6D}"
EndProject
Project("{2150E333-8FDC-42A3-9474-1A3956D46DE8}") = "_Dependencies", "_Dependencies", "{EF63C3A4-EC84-41A4-8FE7-2B2F5D63C545}"
EndProject
Project("{9A19103F-16F7-4668-BE54-9A1E7A4F7556}") = "R5T.Bulgaria.Visigothia", "..\..\R5T.Bulgaria.Visigothia\source\R5T.Bulgaria.Visigothia\R5T.Bulgaria.Visigothia.csproj", "{B0B0DBC8-7475-4C83-B493-C87CD5B85633}"
EndProject
Project("{9A19103F-16F7-4668-BE54-9A1E7A4F7556}") = "R5T.Bulgaria.Base", "..\..\R5T.Bulgaria.Base\source\R5T.Bulgaria.Base\R5T.Bulgaria.Base.csproj", "{1A03B7DD-33B6-4AE0-A03E-573D367C203B}"
EndProject
Project("{9A19103F-16F7-4668-BE54-9A1E7A4F7556}") = "R5T.Lombardy.Base", "..\..\R5T.Lombardy.Base\source\R5T.Lombardy.Base\R5T.Lombardy.Base.csproj", "{631BD447-62C3-4833-8A56-2FB7EFB9D66F}"
EndProject
Project("{9A19103F-16F7-4668-BE54-9A1E7A4F7556}") = "R5T.Peristeria.Base", "..\..\R5T.Peristeria.Base\source\R5T.Peristeria.Base\R5T.Peristeria.Base.csproj", "{DEB1DFCD-4607-40B7-8DC9-AC9C7D0374D6}"
EndProject
Project("{9A19103F-16F7-4668-BE54-9A1E7A4F7556}") = "R5T.Visigothia.Base", "..\..\R5T.Visigothia.Base\source\R5T.Visigothia.Base\R5T.Visigothia.Base.csproj", "{503FAB50-642E-46BA-8387-3E903DE275B4}"
EndProject
Project("{9A19103F-16F7-4668-BE54-9A1E7A4F7556}") = "R5T.Lombardy.Standard", "..\..\R5T.Lombardy.Standard\source\R5T.Lombardy.Standard\R5T.Lombardy.Standard.csproj", "{DD8127AC-8046-4B65-901D-9BCB582EDA56}"
EndProject
Project("{9A19103F-16F7-4668-BE54-9A1E7A4F7556}") = "R5T.Peristeria.Standard", "..\..\R5T.Peristeria.Standard\source\R5T.Peristeria.Standard\R5T.Peristeria.Standard.csproj", "{27DC3A3F-0D46-4462-9F73-9DDDB53AF5AA}"
EndProject
Project("{9A19103F-16F7-4668-BE54-9A1E7A4F7556}") = "R5T.Visigothia.Standard", "..\..\R5T.Visigothia.Standard\source\R5T.Visigothia.Standard\R5T.Visigothia.Standard.csproj", "{91A5D8BA-1224-4F53-8CBD-BF5D52C356F5}"
EndProject
Project("{9A19103F-16F7-4668-BE54-9A1E7A4F7556}") = "R5T.Dacia", "..\..\R5T.Dacia\source\R5T.Dacia\R5T.Dacia.csproj", "{BB71AF7C-67A3-41CA-AC97-F8D317BC5B83}"
EndProject
Project("{9A19103F-16F7-4668-BE54-9A1E7A4F7556}") = "R5T.Lombardy", "..\..\R5T.Lombardy\source\R5T.Lombardy\R5T.Lombardy.csproj", "{5AF012B4-1EC8-45EB-9367-9EFE50065143}"
EndProject
Project("{9A19103F-16F7-4668-BE54-9A1E7A4F7556}") = "R5T.Cherusci", "..\..\R5T.Cherusci\source\R5T.Cherusci\R5T.Cherusci.csproj", "{9E7C86AA-F6A3-43FA-81E8-64ACC4CE96ED}"
EndProject
Project("{9A19103F-16F7-4668-BE54-9A1E7A4F7556}") = "R5T.Magyar", "..\..\R5T.Magyar\source\R5T.Magyar\R5T.Magyar.csproj", "{EAE6A5AC-D729-4007-8638-AFD6415B9C81}"
EndProject
Project("{9A19103F-16F7-4668-BE54-9A1E7A4F7556}") = "R5T.Rugia", "..\..\R5T.Rugia\source\R5T.Rugia\R5T.Rugia.csproj", "{44A8CA9A-ADAC-4718-9EA3-38673868017C}"
EndProject
Project("{9A19103F-16F7-4668-BE54-9A1E7A4F7556}") = "R5T.Rugia.Base", "..\..\R5T.Rugia.Base\source\R5T.Rugia.Base\R5T.Rugia.Base.csproj", "{F8DC6ECA-9664-46D8-B228-F76DF95299FA}"
EndProject
Project("{9A19103F-16F7-4668-BE54-9A1E7A4F7556}") = "R5T.Peristeria.Default", "..\..\R5T.Peristeria.Default\source\R5T.Peristeria.Default\R5T.Peristeria.Default.csproj", "{7F0D662D-64A0-441B-B365-E66BAC86C38B}"
EndProject
Project("{9A19103F-16F7-4668-BE54-9A1E7A4F7556}") = "R5T.Visigothia.Local.Standard", "..\..\R5T.Visigothia.Local.Standard\source\R5T.Visigothia.Local.Standard\R5T.Visigothia.Local.Standard.csproj", "{84CE5DB7-5775-47B8-B632-19FDD6BBD2DC}"
EndProject
Project("{9A19103F-16F7-4668-BE54-9A1E7A4F7556}") = "R5T.Visigothia.Local.Default", "..\..\R5T.Visigothia.Local.Default\source\R5T.Visigothia.Local.Default\R5T.Visigothia.Local.Default.csproj", "{ACDCDA98-8056-4751-98D8-9C5FC4A80637}"
EndProject
Project("{9A19103F-16F7-4668-BE54-9A1E7A4F7556}") = "R5T.Dacia.Extensions", "..\..\R5T.Dacia.Extensions\source\R5T.Dacia.Extensions\R5T.Dacia.Extensions.csproj", "{607DFCFC-77DD-48E4-8B14-CB982F4A8703}"
EndProject
Global
	GlobalSection(SolutionConfigurationPlatforms) = preSolution
		Debug|Any CPU = Debug|Any CPU
		Debug|x64 = Debug|x64
		Debug|x86 = Debug|x86
		Release|Any CPU = Release|Any CPU
		Release|x64 = Release|x64
		Release|x86 = Release|x86
	EndGlobalSection
	GlobalSection(ProjectConfigurationPlatforms) = postSolution
		{D2DDE2D9-8DE4-48BF-BC31-E5BEEEDCE84D}.Debug|Any CPU.ActiveCfg = Debug|Any CPU
		{D2DDE2D9-8DE4-48BF-BC31-E5BEEEDCE84D}.Debug|Any CPU.Build.0 = Debug|Any CPU
		{D2DDE2D9-8DE4-48BF-BC31-E5BEEEDCE84D}.Debug|x64.ActiveCfg = Debug|Any CPU
		{D2DDE2D9-8DE4-48BF-BC31-E5BEEEDCE84D}.Debug|x64.Build.0 = Debug|Any CPU
		{D2DDE2D9-8DE4-48BF-BC31-E5BEEEDCE84D}.Debug|x86.ActiveCfg = Debug|Any CPU
		{D2DDE2D9-8DE4-48BF-BC31-E5BEEEDCE84D}.Debug|x86.Build.0 = Debug|Any CPU
		{D2DDE2D9-8DE4-48BF-BC31-E5BEEEDCE84D}.Release|Any CPU.ActiveCfg = Release|Any CPU
		{D2DDE2D9-8DE4-48BF-BC31-E5BEEEDCE84D}.Release|Any CPU.Build.0 = Release|Any CPU
		{D2DDE2D9-8DE4-48BF-BC31-E5BEEEDCE84D}.Release|x64.ActiveCfg = Release|Any CPU
		{D2DDE2D9-8DE4-48BF-BC31-E5BEEEDCE84D}.Release|x64.Build.0 = Release|Any CPU
		{D2DDE2D9-8DE4-48BF-BC31-E5BEEEDCE84D}.Release|x86.ActiveCfg = Release|Any CPU
		{D2DDE2D9-8DE4-48BF-BC31-E5BEEEDCE84D}.Release|x86.Build.0 = Release|Any CPU
		{17C664D6-9930-42B2-ACB8-9791FA66C7AF}.Debug|Any CPU.ActiveCfg = Debug|Any CPU
		{17C664D6-9930-42B2-ACB8-9791FA66C7AF}.Debug|Any CPU.Build.0 = Debug|Any CPU
		{17C664D6-9930-42B2-ACB8-9791FA66C7AF}.Debug|x64.ActiveCfg = Debug|Any CPU
		{17C664D6-9930-42B2-ACB8-9791FA66C7AF}.Debug|x64.Build.0 = Debug|Any CPU
		{17C664D6-9930-42B2-ACB8-9791FA66C7AF}.Debug|x86.ActiveCfg = Debug|Any CPU
		{17C664D6-9930-42B2-ACB8-9791FA66C7AF}.Debug|x86.Build.0 = Debug|Any CPU
		{17C664D6-9930-42B2-ACB8-9791FA66C7AF}.Release|Any CPU.ActiveCfg = Release|Any CPU
		{17C664D6-9930-42B2-ACB8-9791FA66C7AF}.Release|Any CPU.Build.0 = Release|Any CPU
		{17C664D6-9930-42B2-ACB8-9791FA66C7AF}.Release|x64.ActiveCfg = Release|Any CPU
		{17C664D6-9930-42B2-ACB8-9791FA66C7AF}.Release|x64.Build.0 = Release|Any CPU
		{17C664D6-9930-42B2-ACB8-9791FA66C7AF}.Release|x86.ActiveCfg = Release|Any CPU
		{17C664D6-9930-42B2-ACB8-9791FA66C7AF}.Release|x86.Build.0 = Release|Any CPU
		{0EC161FD-3A7C-4D04-9C98-7C77F3706F6D}.Debug|Any CPU.ActiveCfg = Debug|Any CPU
		{0EC161FD-3A7C-4D04-9C98-7C77F3706F6D}.Debug|Any CPU.Build.0 = Debug|Any CPU
		{0EC161FD-3A7C-4D04-9C98-7C77F3706F6D}.Debug|x64.ActiveCfg = Debug|Any CPU
		{0EC161FD-3A7C-4D04-9C98-7C77F3706F6D}.Debug|x64.Build.0 = Debug|Any CPU
		{0EC161FD-3A7C-4D04-9C98-7C77F3706F6D}.Debug|x86.ActiveCfg = Debug|Any CPU
		{0EC161FD-3A7C-4D04-9C98-7C77F3706F6D}.Debug|x86.Build.0 = Debug|Any CPU
		{0EC161FD-3A7C-4D04-9C98-7C77F3706F6D}.Release|Any CPU.ActiveCfg = Release|Any CPU
		{0EC161FD-3A7C-4D04-9C98-7C77F3706F6D}.Release|Any CPU.Build.0 = Release|Any CPU
		{0EC161FD-3A7C-4D04-9C98-7C77F3706F6D}.Release|x64.ActiveCfg = Release|Any CPU
		{0EC161FD-3A7C-4D04-9C98-7C77F3706F6D}.Release|x64.Build.0 = Release|Any CPU
		{0EC161FD-3A7C-4D04-9C98-7C77F3706F6D}.Release|x86.ActiveCfg = Release|Any CPU
		{0EC161FD-3A7C-4D04-9C98-7C77F3706F6D}.Release|x86.Build.0 = Release|Any CPU
		{B0B0DBC8-7475-4C83-B493-C87CD5B85633}.Debug|Any CPU.ActiveCfg = Debug|Any CPU
		{B0B0DBC8-7475-4C83-B493-C87CD5B85633}.Debug|Any CPU.Build.0 = Debug|Any CPU
		{B0B0DBC8-7475-4C83-B493-C87CD5B85633}.Debug|x64.ActiveCfg = Debug|Any CPU
		{B0B0DBC8-7475-4C83-B493-C87CD5B85633}.Debug|x64.Build.0 = Debug|Any CPU
		{B0B0DBC8-7475-4C83-B493-C87CD5B85633}.Debug|x86.ActiveCfg = Debug|Any CPU
		{B0B0DBC8-7475-4C83-B493-C87CD5B85633}.Debug|x86.Build.0 = Debug|Any CPU
		{B0B0DBC8-7475-4C83-B493-C87CD5B85633}.Release|Any CPU.ActiveCfg = Release|Any CPU
		{B0B0DBC8-7475-4C83-B493-C87CD5B85633}.Release|Any CPU.Build.0 = Release|Any CPU
		{B0B0DBC8-7475-4C83-B493-C87CD5B85633}.Release|x64.ActiveCfg = Release|Any CPU
		{B0B0DBC8-7475-4C83-B493-C87CD5B85633}.Release|x64.Build.0 = Release|Any CPU
		{B0B0DBC8-7475-4C83-B493-C87CD5B85633}.Release|x86.ActiveCfg = Release|Any CPU
		{B0B0DBC8-7475-4C83-B493-C87CD5B85633}.Release|x86.Build.0 = Release|Any CPU
		{1A03B7DD-33B6-4AE0-A03E-573D367C203B}.Debug|Any CPU.ActiveCfg = Debug|Any CPU
		{1A03B7DD-33B6-4AE0-A03E-573D367C203B}.Debug|Any CPU.Build.0 = Debug|Any CPU
		{1A03B7DD-33B6-4AE0-A03E-573D367C203B}.Debug|x64.ActiveCfg = Debug|Any CPU
		{1A03B7DD-33B6-4AE0-A03E-573D367C203B}.Debug|x64.Build.0 = Debug|Any CPU
		{1A03B7DD-33B6-4AE0-A03E-573D367C203B}.Debug|x86.ActiveCfg = Debug|Any CPU
		{1A03B7DD-33B6-4AE0-A03E-573D367C203B}.Debug|x86.Build.0 = Debug|Any CPU
		{1A03B7DD-33B6-4AE0-A03E-573D367C203B}.Release|Any CPU.ActiveCfg = Release|Any CPU
		{1A03B7DD-33B6-4AE0-A03E-573D367C203B}.Release|Any CPU.Build.0 = Release|Any CPU
		{1A03B7DD-33B6-4AE0-A03E-573D367C203B}.Release|x64.ActiveCfg = Release|Any CPU
		{1A03B7DD-33B6-4AE0-A03E-573D367C203B}.Release|x64.Build.0 = Release|Any CPU
		{1A03B7DD-33B6-4AE0-A03E-573D367C203B}.Release|x86.ActiveCfg = Release|Any CPU
		{1A03B7DD-33B6-4AE0-A03E-573D367C203B}.Release|x86.Build.0 = Release|Any CPU
		{631BD447-62C3-4833-8A56-2FB7EFB9D66F}.Debug|Any CPU.ActiveCfg = Debug|Any CPU
		{631BD447-62C3-4833-8A56-2FB7EFB9D66F}.Debug|Any CPU.Build.0 = Debug|Any CPU
		{631BD447-62C3-4833-8A56-2FB7EFB9D66F}.Debug|x64.ActiveCfg = Debug|Any CPU
		{631BD447-62C3-4833-8A56-2FB7EFB9D66F}.Debug|x64.Build.0 = Debug|Any CPU
		{631BD447-62C3-4833-8A56-2FB7EFB9D66F}.Debug|x86.ActiveCfg = Debug|Any CPU
		{631BD447-62C3-4833-8A56-2FB7EFB9D66F}.Debug|x86.Build.0 = Debug|Any CPU
		{631BD447-62C3-4833-8A56-2FB7EFB9D66F}.Release|Any CPU.ActiveCfg = Release|Any CPU
		{631BD447-62C3-4833-8A56-2FB7EFB9D66F}.Release|Any CPU.Build.0 = Release|Any CPU
		{631BD447-62C3-4833-8A56-2FB7EFB9D66F}.Release|x64.ActiveCfg = Release|Any CPU
		{631BD447-62C3-4833-8A56-2FB7EFB9D66F}.Release|x64.Build.0 = Release|Any CPU
		{631BD447-62C3-4833-8A56-2FB7EFB9D66F}.Release|x86.ActiveCfg = Release|Any CPU
		{631BD447-62C3-4833-8A56-2FB7EFB9D66F}.Release|x86.Build.0 = Release|Any CPU
		{DEB1DFCD-4607-40B7-8DC9-AC9C7D0374D6}.Debug|Any CPU.ActiveCfg = Debug|Any CPU
		{DEB1DFCD-4607-40B7-8DC9-AC9C7D0374D6}.Debug|Any CPU.Build.0 = Debug|Any CPU
		{DEB1DFCD-4607-40B7-8DC9-AC9C7D0374D6}.Debug|x64.ActiveCfg = Debug|Any CPU
		{DEB1DFCD-4607-40B7-8DC9-AC9C7D0374D6}.Debug|x64.Build.0 = Debug|Any CPU
		{DEB1DFCD-4607-40B7-8DC9-AC9C7D0374D6}.Debug|x86.ActiveCfg = Debug|Any CPU
		{DEB1DFCD-4607-40B7-8DC9-AC9C7D0374D6}.Debug|x86.Build.0 = Debug|Any CPU
		{DEB1DFCD-4607-40B7-8DC9-AC9C7D0374D6}.Release|Any CPU.ActiveCfg = Release|Any CPU
		{DEB1DFCD-4607-40B7-8DC9-AC9C7D0374D6}.Release|Any CPU.Build.0 = Release|Any CPU
		{DEB1DFCD-4607-40B7-8DC9-AC9C7D0374D6}.Release|x64.ActiveCfg = Release|Any CPU
		{DEB1DFCD-4607-40B7-8DC9-AC9C7D0374D6}.Release|x64.Build.0 = Release|Any CPU
		{DEB1DFCD-4607-40B7-8DC9-AC9C7D0374D6}.Release|x86.ActiveCfg = Release|Any CPU
		{DEB1DFCD-4607-40B7-8DC9-AC9C7D0374D6}.Release|x86.Build.0 = Release|Any CPU
		{503FAB50-642E-46BA-8387-3E903DE275B4}.Debug|Any CPU.ActiveCfg = Debug|Any CPU
		{503FAB50-642E-46BA-8387-3E903DE275B4}.Debug|Any CPU.Build.0 = Debug|Any CPU
		{503FAB50-642E-46BA-8387-3E903DE275B4}.Debug|x64.ActiveCfg = Debug|Any CPU
		{503FAB50-642E-46BA-8387-3E903DE275B4}.Debug|x64.Build.0 = Debug|Any CPU
		{503FAB50-642E-46BA-8387-3E903DE275B4}.Debug|x86.ActiveCfg = Debug|Any CPU
		{503FAB50-642E-46BA-8387-3E903DE275B4}.Debug|x86.Build.0 = Debug|Any CPU
		{503FAB50-642E-46BA-8387-3E903DE275B4}.Release|Any CPU.ActiveCfg = Release|Any CPU
		{503FAB50-642E-46BA-8387-3E903DE275B4}.Release|Any CPU.Build.0 = Release|Any CPU
		{503FAB50-642E-46BA-8387-3E903DE275B4}.Release|x64.ActiveCfg = Release|Any CPU
		{503FAB50-642E-46BA-8387-3E903DE275B4}.Release|x64.Build.0 = Release|Any CPU
		{503FAB50-642E-46BA-8387-3E903DE275B4}.Release|x86.ActiveCfg = Release|Any CPU
		{503FAB50-642E-46BA-8387-3E903DE275B4}.Release|x86.Build.0 = Release|Any CPU
		{DD8127AC-8046-4B65-901D-9BCB582EDA56}.Debug|Any CPU.ActiveCfg = Debug|Any CPU
		{DD8127AC-8046-4B65-901D-9BCB582EDA56}.Debug|Any CPU.Build.0 = Debug|Any CPU
		{DD8127AC-8046-4B65-901D-9BCB582EDA56}.Debug|x64.ActiveCfg = Debug|Any CPU
		{DD8127AC-8046-4B65-901D-9BCB582EDA56}.Debug|x64.Build.0 = Debug|Any CPU
		{DD8127AC-8046-4B65-901D-9BCB582EDA56}.Debug|x86.ActiveCfg = Debug|Any CPU
		{DD8127AC-8046-4B65-901D-9BCB582EDA56}.Debug|x86.Build.0 = Debug|Any CPU
		{DD8127AC-8046-4B65-901D-9BCB582EDA56}.Release|Any CPU.ActiveCfg = Release|Any CPU
		{DD8127AC-8046-4B65-901D-9BCB582EDA56}.Release|Any CPU.Build.0 = Release|Any CPU
		{DD8127AC-8046-4B65-901D-9BCB582EDA56}.Release|x64.ActiveCfg = Release|Any CPU
		{DD8127AC-8046-4B65-901D-9BCB582EDA56}.Release|x64.Build.0 = Release|Any CPU
		{DD8127AC-8046-4B65-901D-9BCB582EDA56}.Release|x86.ActiveCfg = Release|Any CPU
		{DD8127AC-8046-4B65-901D-9BCB582EDA56}.Release|x86.Build.0 = Release|Any CPU
		{27DC3A3F-0D46-4462-9F73-9DDDB53AF5AA}.Debug|Any CPU.ActiveCfg = Debug|Any CPU
		{27DC3A3F-0D46-4462-9F73-9DDDB53AF5AA}.Debug|Any CPU.Build.0 = Debug|Any CPU
		{27DC3A3F-0D46-4462-9F73-9DDDB53AF5AA}.Debug|x64.ActiveCfg = Debug|Any CPU
		{27DC3A3F-0D46-4462-9F73-9DDDB53AF5AA}.Debug|x64.Build.0 = Debug|Any CPU
		{27DC3A3F-0D46-4462-9F73-9DDDB53AF5AA}.Debug|x86.ActiveCfg = Debug|Any CPU
		{27DC3A3F-0D46-4462-9F73-9DDDB53AF5AA}.Debug|x86.Build.0 = Debug|Any CPU
		{27DC3A3F-0D46-4462-9F73-9DDDB53AF5AA}.Release|Any CPU.ActiveCfg = Release|Any CPU
		{27DC3A3F-0D46-4462-9F73-9DDDB53AF5AA}.Release|Any CPU.Build.0 = Release|Any CPU
		{27DC3A3F-0D46-4462-9F73-9DDDB53AF5AA}.Release|x64.ActiveCfg = Release|Any CPU
		{27DC3A3F-0D46-4462-9F73-9DDDB53AF5AA}.Release|x64.Build.0 = Release|Any CPU
		{27DC3A3F-0D46-4462-9F73-9DDDB53AF5AA}.Release|x86.ActiveCfg = Release|Any CPU
		{27DC3A3F-0D46-4462-9F73-9DDDB53AF5AA}.Release|x86.Build.0 = Release|Any CPU
		{91A5D8BA-1224-4F53-8CBD-BF5D52C356F5}.Debug|Any CPU.ActiveCfg = Debug|Any CPU
		{91A5D8BA-1224-4F53-8CBD-BF5D52C356F5}.Debug|Any CPU.Build.0 = Debug|Any CPU
		{91A5D8BA-1224-4F53-8CBD-BF5D52C356F5}.Debug|x64.ActiveCfg = Debug|Any CPU
		{91A5D8BA-1224-4F53-8CBD-BF5D52C356F5}.Debug|x64.Build.0 = Debug|Any CPU
		{91A5D8BA-1224-4F53-8CBD-BF5D52C356F5}.Debug|x86.ActiveCfg = Debug|Any CPU
		{91A5D8BA-1224-4F53-8CBD-BF5D52C356F5}.Debug|x86.Build.0 = Debug|Any CPU
		{91A5D8BA-1224-4F53-8CBD-BF5D52C356F5}.Release|Any CPU.ActiveCfg = Release|Any CPU
		{91A5D8BA-1224-4F53-8CBD-BF5D52C356F5}.Release|Any CPU.Build.0 = Release|Any CPU
		{91A5D8BA-1224-4F53-8CBD-BF5D52C356F5}.Release|x64.ActiveCfg = Release|Any CPU
		{91A5D8BA-1224-4F53-8CBD-BF5D52C356F5}.Release|x64.Build.0 = Release|Any CPU
		{91A5D8BA-1224-4F53-8CBD-BF5D52C356F5}.Release|x86.ActiveCfg = Release|Any CPU
		{91A5D8BA-1224-4F53-8CBD-BF5D52C356F5}.Release|x86.Build.0 = Release|Any CPU
		{BB71AF7C-67A3-41CA-AC97-F8D317BC5B83}.Debug|Any CPU.ActiveCfg = Debug|Any CPU
		{BB71AF7C-67A3-41CA-AC97-F8D317BC5B83}.Debug|Any CPU.Build.0 = Debug|Any CPU
		{BB71AF7C-67A3-41CA-AC97-F8D317BC5B83}.Debug|x64.ActiveCfg = Debug|Any CPU
		{BB71AF7C-67A3-41CA-AC97-F8D317BC5B83}.Debug|x64.Build.0 = Debug|Any CPU
		{BB71AF7C-67A3-41CA-AC97-F8D317BC5B83}.Debug|x86.ActiveCfg = Debug|Any CPU
		{BB71AF7C-67A3-41CA-AC97-F8D317BC5B83}.Debug|x86.Build.0 = Debug|Any CPU
		{BB71AF7C-67A3-41CA-AC97-F8D317BC5B83}.Release|Any CPU.ActiveCfg = Release|Any CPU
		{BB71AF7C-67A3-41CA-AC97-F8D317BC5B83}.Release|Any CPU.Build.0 = Release|Any CPU
		{BB71AF7C-67A3-41CA-AC97-F8D317BC5B83}.Release|x64.ActiveCfg = Release|Any CPU
		{BB71AF7C-67A3-41CA-AC97-F8D317BC5B83}.Release|x64.Build.0 = Release|Any CPU
		{BB71AF7C-67A3-41CA-AC97-F8D317BC5B83}.Release|x86.ActiveCfg = Release|Any CPU
		{BB71AF7C-67A3-41CA-AC97-F8D317BC5B83}.Release|x86.Build.0 = Release|Any CPU
		{5AF012B4-1EC8-45EB-9367-9EFE50065143}.Debug|Any CPU.ActiveCfg = Debug|Any CPU
		{5AF012B4-1EC8-45EB-9367-9EFE50065143}.Debug|Any CPU.Build.0 = Debug|Any CPU
		{5AF012B4-1EC8-45EB-9367-9EFE50065143}.Debug|x64.ActiveCfg = Debug|Any CPU
		{5AF012B4-1EC8-45EB-9367-9EFE50065143}.Debug|x64.Build.0 = Debug|Any CPU
		{5AF012B4-1EC8-45EB-9367-9EFE50065143}.Debug|x86.ActiveCfg = Debug|Any CPU
		{5AF012B4-1EC8-45EB-9367-9EFE50065143}.Debug|x86.Build.0 = Debug|Any CPU
		{5AF012B4-1EC8-45EB-9367-9EFE50065143}.Release|Any CPU.ActiveCfg = Release|Any CPU
		{5AF012B4-1EC8-45EB-9367-9EFE50065143}.Release|Any CPU.Build.0 = Release|Any CPU
		{5AF012B4-1EC8-45EB-9367-9EFE50065143}.Release|x64.ActiveCfg = Release|Any CPU
		{5AF012B4-1EC8-45EB-9367-9EFE50065143}.Release|x64.Build.0 = Release|Any CPU
		{5AF012B4-1EC8-45EB-9367-9EFE50065143}.Release|x86.ActiveCfg = Release|Any CPU
		{5AF012B4-1EC8-45EB-9367-9EFE50065143}.Release|x86.Build.0 = Release|Any CPU
		{9E7C86AA-F6A3-43FA-81E8-64ACC4CE96ED}.Debug|Any CPU.ActiveCfg = Debug|Any CPU
		{9E7C86AA-F6A3-43FA-81E8-64ACC4CE96ED}.Debug|Any CPU.Build.0 = Debug|Any CPU
		{9E7C86AA-F6A3-43FA-81E8-64ACC4CE96ED}.Debug|x64.ActiveCfg = Debug|Any CPU
		{9E7C86AA-F6A3-43FA-81E8-64ACC4CE96ED}.Debug|x64.Build.0 = Debug|Any CPU
		{9E7C86AA-F6A3-43FA-81E8-64ACC4CE96ED}.Debug|x86.ActiveCfg = Debug|Any CPU
		{9E7C86AA-F6A3-43FA-81E8-64ACC4CE96ED}.Debug|x86.Build.0 = Debug|Any CPU
		{9E7C86AA-F6A3-43FA-81E8-64ACC4CE96ED}.Release|Any CPU.ActiveCfg = Release|Any CPU
		{9E7C86AA-F6A3-43FA-81E8-64ACC4CE96ED}.Release|Any CPU.Build.0 = Release|Any CPU
		{9E7C86AA-F6A3-43FA-81E8-64ACC4CE96ED}.Release|x64.ActiveCfg = Release|Any CPU
		{9E7C86AA-F6A3-43FA-81E8-64ACC4CE96ED}.Release|x64.Build.0 = Release|Any CPU
		{9E7C86AA-F6A3-43FA-81E8-64ACC4CE96ED}.Release|x86.ActiveCfg = Release|Any CPU
		{9E7C86AA-F6A3-43FA-81E8-64ACC4CE96ED}.Release|x86.Build.0 = Release|Any CPU
		{EAE6A5AC-D729-4007-8638-AFD6415B9C81}.Debug|Any CPU.ActiveCfg = Debug|Any CPU
		{EAE6A5AC-D729-4007-8638-AFD6415B9C81}.Debug|Any CPU.Build.0 = Debug|Any CPU
		{EAE6A5AC-D729-4007-8638-AFD6415B9C81}.Debug|x64.ActiveCfg = Debug|Any CPU
		{EAE6A5AC-D729-4007-8638-AFD6415B9C81}.Debug|x64.Build.0 = Debug|Any CPU
		{EAE6A5AC-D729-4007-8638-AFD6415B9C81}.Debug|x86.ActiveCfg = Debug|Any CPU
		{EAE6A5AC-D729-4007-8638-AFD6415B9C81}.Debug|x86.Build.0 = Debug|Any CPU
		{EAE6A5AC-D729-4007-8638-AFD6415B9C81}.Release|Any CPU.ActiveCfg = Release|Any CPU
		{EAE6A5AC-D729-4007-8638-AFD6415B9C81}.Release|Any CPU.Build.0 = Release|Any CPU
		{EAE6A5AC-D729-4007-8638-AFD6415B9C81}.Release|x64.ActiveCfg = Release|Any CPU
		{EAE6A5AC-D729-4007-8638-AFD6415B9C81}.Release|x64.Build.0 = Release|Any CPU
		{EAE6A5AC-D729-4007-8638-AFD6415B9C81}.Release|x86.ActiveCfg = Release|Any CPU
		{EAE6A5AC-D729-4007-8638-AFD6415B9C81}.Release|x86.Build.0 = Release|Any CPU
		{44A8CA9A-ADAC-4718-9EA3-38673868017C}.Debug|Any CPU.ActiveCfg = Debug|Any CPU
		{44A8CA9A-ADAC-4718-9EA3-38673868017C}.Debug|Any CPU.Build.0 = Debug|Any CPU
		{44A8CA9A-ADAC-4718-9EA3-38673868017C}.Debug|x64.ActiveCfg = Debug|Any CPU
		{44A8CA9A-ADAC-4718-9EA3-38673868017C}.Debug|x64.Build.0 = Debug|Any CPU
		{44A8CA9A-ADAC-4718-9EA3-38673868017C}.Debug|x86.ActiveCfg = Debug|Any CPU
		{44A8CA9A-ADAC-4718-9EA3-38673868017C}.Debug|x86.Build.0 = Debug|Any CPU
		{44A8CA9A-ADAC-4718-9EA3-38673868017C}.Release|Any CPU.ActiveCfg = Release|Any CPU
		{44A8CA9A-ADAC-4718-9EA3-38673868017C}.Release|Any CPU.Build.0 = Release|Any CPU
		{44A8CA9A-ADAC-4718-9EA3-38673868017C}.Release|x64.ActiveCfg = Release|Any CPU
		{44A8CA9A-ADAC-4718-9EA3-38673868017C}.Release|x64.Build.0 = Release|Any CPU
		{44A8CA9A-ADAC-4718-9EA3-38673868017C}.Release|x86.ActiveCfg = Release|Any CPU
		{44A8CA9A-ADAC-4718-9EA3-38673868017C}.Release|x86.Build.0 = Release|Any CPU
		{F8DC6ECA-9664-46D8-B228-F76DF95299FA}.Debug|Any CPU.ActiveCfg = Debug|Any CPU
		{F8DC6ECA-9664-46D8-B228-F76DF95299FA}.Debug|Any CPU.Build.0 = Debug|Any CPU
		{F8DC6ECA-9664-46D8-B228-F76DF95299FA}.Debug|x64.ActiveCfg = Debug|Any CPU
		{F8DC6ECA-9664-46D8-B228-F76DF95299FA}.Debug|x64.Build.0 = Debug|Any CPU
		{F8DC6ECA-9664-46D8-B228-F76DF95299FA}.Debug|x86.ActiveCfg = Debug|Any CPU
		{F8DC6ECA-9664-46D8-B228-F76DF95299FA}.Debug|x86.Build.0 = Debug|Any CPU
		{F8DC6ECA-9664-46D8-B228-F76DF95299FA}.Release|Any CPU.ActiveCfg = Release|Any CPU
		{F8DC6ECA-9664-46D8-B228-F76DF95299FA}.Release|Any CPU.Build.0 = Release|Any CPU
		{F8DC6ECA-9664-46D8-B228-F76DF95299FA}.Release|x64.ActiveCfg = Release|Any CPU
		{F8DC6ECA-9664-46D8-B228-F76DF95299FA}.Release|x64.Build.0 = Release|Any CPU
		{F8DC6ECA-9664-46D8-B228-F76DF95299FA}.Release|x86.ActiveCfg = Release|Any CPU
		{F8DC6ECA-9664-46D8-B228-F76DF95299FA}.Release|x86.Build.0 = Release|Any CPU
		{7F0D662D-64A0-441B-B365-E66BAC86C38B}.Debug|Any CPU.ActiveCfg = Debug|Any CPU
		{7F0D662D-64A0-441B-B365-E66BAC86C38B}.Debug|Any CPU.Build.0 = Debug|Any CPU
		{7F0D662D-64A0-441B-B365-E66BAC86C38B}.Debug|x64.ActiveCfg = Debug|Any CPU
		{7F0D662D-64A0-441B-B365-E66BAC86C38B}.Debug|x64.Build.0 = Debug|Any CPU
		{7F0D662D-64A0-441B-B365-E66BAC86C38B}.Debug|x86.ActiveCfg = Debug|Any CPU
		{7F0D662D-64A0-441B-B365-E66BAC86C38B}.Debug|x86.Build.0 = Debug|Any CPU
		{7F0D662D-64A0-441B-B365-E66BAC86C38B}.Release|Any CPU.ActiveCfg = Release|Any CPU
		{7F0D662D-64A0-441B-B365-E66BAC86C38B}.Release|Any CPU.Build.0 = Release|Any CPU
		{7F0D662D-64A0-441B-B365-E66BAC86C38B}.Release|x64.ActiveCfg = Release|Any CPU
		{7F0D662D-64A0-441B-B365-E66BAC86C38B}.Release|x64.Build.0 = Release|Any CPU
		{7F0D662D-64A0-441B-B365-E66BAC86C38B}.Release|x86.ActiveCfg = Release|Any CPU
		{7F0D662D-64A0-441B-B365-E66BAC86C38B}.Release|x86.Build.0 = Release|Any CPU
		{84CE5DB7-5775-47B8-B632-19FDD6BBD2DC}.Debug|Any CPU.ActiveCfg = Debug|Any CPU
		{84CE5DB7-5775-47B8-B632-19FDD6BBD2DC}.Debug|Any CPU.Build.0 = Debug|Any CPU
		{84CE5DB7-5775-47B8-B632-19FDD6BBD2DC}.Debug|x64.ActiveCfg = Debug|Any CPU
		{84CE5DB7-5775-47B8-B632-19FDD6BBD2DC}.Debug|x64.Build.0 = Debug|Any CPU
		{84CE5DB7-5775-47B8-B632-19FDD6BBD2DC}.Debug|x86.ActiveCfg = Debug|Any CPU
		{84CE5DB7-5775-47B8-B632-19FDD6BBD2DC}.Debug|x86.Build.0 = Debug|Any CPU
		{84CE5DB7-5775-47B8-B632-19FDD6BBD2DC}.Release|Any CPU.ActiveCfg = Release|Any CPU
		{84CE5DB7-5775-47B8-B632-19FDD6BBD2DC}.Release|Any CPU.Build.0 = Release|Any CPU
		{84CE5DB7-5775-47B8-B632-19FDD6BBD2DC}.Release|x64.ActiveCfg = Release|Any CPU
		{84CE5DB7-5775-47B8-B632-19FDD6BBD2DC}.Release|x64.Build.0 = Release|Any CPU
		{84CE5DB7-5775-47B8-B632-19FDD6BBD2DC}.Release|x86.ActiveCfg = Release|Any CPU
		{84CE5DB7-5775-47B8-B632-19FDD6BBD2DC}.Release|x86.Build.0 = Release|Any CPU
		{ACDCDA98-8056-4751-98D8-9C5FC4A80637}.Debug|Any CPU.ActiveCfg = Debug|Any CPU
		{ACDCDA98-8056-4751-98D8-9C5FC4A80637}.Debug|Any CPU.Build.0 = Debug|Any CPU
		{ACDCDA98-8056-4751-98D8-9C5FC4A80637}.Debug|x64.ActiveCfg = Debug|Any CPU
		{ACDCDA98-8056-4751-98D8-9C5FC4A80637}.Debug|x64.Build.0 = Debug|Any CPU
		{ACDCDA98-8056-4751-98D8-9C5FC4A80637}.Debug|x86.ActiveCfg = Debug|Any CPU
		{ACDCDA98-8056-4751-98D8-9C5FC4A80637}.Debug|x86.Build.0 = Debug|Any CPU
		{ACDCDA98-8056-4751-98D8-9C5FC4A80637}.Release|Any CPU.ActiveCfg = Release|Any CPU
		{ACDCDA98-8056-4751-98D8-9C5FC4A80637}.Release|Any CPU.Build.0 = Release|Any CPU
		{ACDCDA98-8056-4751-98D8-9C5FC4A80637}.Release|x64.ActiveCfg = Release|Any CPU
		{ACDCDA98-8056-4751-98D8-9C5FC4A80637}.Release|x64.Build.0 = Release|Any CPU
		{ACDCDA98-8056-4751-98D8-9C5FC4A80637}.Release|x86.ActiveCfg = Release|Any CPU
		{ACDCDA98-8056-4751-98D8-9C5FC4A80637}.Release|x86.Build.0 = Release|Any CPU
		{607DFCFC-77DD-48E4-8B14-CB982F4A8703}.Debug|Any CPU.ActiveCfg = Debug|Any CPU
		{607DFCFC-77DD-48E4-8B14-CB982F4A8703}.Debug|Any CPU.Build.0 = Debug|Any CPU
		{607DFCFC-77DD-48E4-8B14-CB982F4A8703}.Debug|x64.ActiveCfg = Debug|Any CPU
		{607DFCFC-77DD-48E4-8B14-CB982F4A8703}.Debug|x64.Build.0 = Debug|Any CPU
		{607DFCFC-77DD-48E4-8B14-CB982F4A8703}.Debug|x86.ActiveCfg = Debug|Any CPU
		{607DFCFC-77DD-48E4-8B14-CB982F4A8703}.Debug|x86.Build.0 = Debug|Any CPU
		{607DFCFC-77DD-48E4-8B14-CB982F4A8703}.Release|Any CPU.ActiveCfg = Release|Any CPU
		{607DFCFC-77DD-48E4-8B14-CB982F4A8703}.Release|Any CPU.Build.0 = Release|Any CPU
		{607DFCFC-77DD-48E4-8B14-CB982F4A8703}.Release|x64.ActiveCfg = Release|Any CPU
		{607DFCFC-77DD-48E4-8B14-CB982F4A8703}.Release|x64.Build.0 = Release|Any CPU
		{607DFCFC-77DD-48E4-8B14-CB982F4A8703}.Release|x86.ActiveCfg = Release|Any CPU
		{607DFCFC-77DD-48E4-8B14-CB982F4A8703}.Release|x86.Build.0 = Release|Any CPU
	EndGlobalSection
	GlobalSection(SolutionProperties) = preSolution
		HideSolutionNode = FALSE
	EndGlobalSection
	GlobalSection(NestedProjects) = preSolution
		{B0B0DBC8-7475-4C83-B493-C87CD5B85633} = {EF63C3A4-EC84-41A4-8FE7-2B2F5D63C545}
		{1A03B7DD-33B6-4AE0-A03E-573D367C203B} = {EF63C3A4-EC84-41A4-8FE7-2B2F5D63C545}
		{631BD447-62C3-4833-8A56-2FB7EFB9D66F} = {EF63C3A4-EC84-41A4-8FE7-2B2F5D63C545}
		{DEB1DFCD-4607-40B7-8DC9-AC9C7D0374D6} = {EF63C3A4-EC84-41A4-8FE7-2B2F5D63C545}
		{503FAB50-642E-46BA-8387-3E903DE275B4} = {EF63C3A4-EC84-41A4-8FE7-2B2F5D63C545}
		{DD8127AC-8046-4B65-901D-9BCB582EDA56} = {EF63C3A4-EC84-41A4-8FE7-2B2F5D63C545}
		{27DC3A3F-0D46-4462-9F73-9DDDB53AF5AA} = {EF63C3A4-EC84-41A4-8FE7-2B2F5D63C545}
		{91A5D8BA-1224-4F53-8CBD-BF5D52C356F5} = {EF63C3A4-EC84-41A4-8FE7-2B2F5D63C545}
		{BB71AF7C-67A3-41CA-AC97-F8D317BC5B83} = {EF63C3A4-EC84-41A4-8FE7-2B2F5D63C545}
		{5AF012B4-1EC8-45EB-9367-9EFE50065143} = {EF63C3A4-EC84-41A4-8FE7-2B2F5D63C545}
		{9E7C86AA-F6A3-43FA-81E8-64ACC4CE96ED} = {EF63C3A4-EC84-41A4-8FE7-2B2F5D63C545}
		{EAE6A5AC-D729-4007-8638-AFD6415B9C81} = {EF63C3A4-EC84-41A4-8FE7-2B2F5D63C545}
		{44A8CA9A-ADAC-4718-9EA3-38673868017C} = {EF63C3A4-EC84-41A4-8FE7-2B2F5D63C545}
		{F8DC6ECA-9664-46D8-B228-F76DF95299FA} = {EF63C3A4-EC84-41A4-8FE7-2B2F5D63C545}
		{7F0D662D-64A0-441B-B365-E66BAC86C38B} = {EF63C3A4-EC84-41A4-8FE7-2B2F5D63C545}
		{84CE5DB7-5775-47B8-B632-19FDD6BBD2DC} = {EF63C3A4-EC84-41A4-8FE7-2B2F5D63C545}
		{ACDCDA98-8056-4751-98D8-9C5FC4A80637} = {EF63C3A4-EC84-41A4-8FE7-2B2F5D63C545}
		{607DFCFC-77DD-48E4-8B14-CB982F4A8703} = {EF63C3A4-EC84-41A4-8FE7-2B2F5D63C545}
	EndGlobalSection
	GlobalSection(ExtensibilityGlobals) = postSolution
		SolutionGuid = {6A0A6B5B-E1D3-4336-BBC2-CDDD1F555796}
	EndGlobalSection
EndGlobal
